{
  "requires": true,
  "lockfileVersion": 1,
  "dependencies": {
    "v-money": {
      "version": "0.8.1",
      "resolved": "https://registry.npmjs.org/v-money/-/v-money-0.8.1.tgz",
      "integrity": "sha512-raz87AP5F2YEpv1GAocI3SC/y9af1+TQeZQIhAK5UNovho6dnh6RQBa5UG8ZNC+BPLpUh5VECi7EWTjr4+4s1g=="
    }
  }
}
